
Microsoft Visual Studio Solution File, Format Version 12.00
# Visual Studio Version 17
VisualStudioVersion = 17.0.31903.59
MinimumVisualStudioVersion = 10.0.40219.1
Project("{FAE04EC0-301F-11D3-BF4B-00C04F79EFBC}") = "AdventOfCode2021", "AdventOfCode2021.csproj", "{3DAC6423-3135-42B0-ACC3-2953CCF4A7FE}"
EndProject
Global
	GlobalSection(SolutionConfigurationPlatforms) = preSolution
		Debug|Any CPU = Debug|Any CPU
		Release|Any CPU = Release|Any CPU
	EndGlobalSection
	GlobalSection(ProjectConfigurationPlatforms) = postSolution
		{3DAC6423-3135-42B0-ACC3-2953CCF4A7FE}.Debug|Any CPU.ActiveCfg = Debug|Any CPU
		{3DAC6423-3135-42B0-ACC3-2953CCF4A7FE}.Debug|Any CPU.Build.0 = Debug|Any CPU
		{3DAC6423-3135-42B0-ACC3-2953CCF4A7FE}.Release|Any CPU.ActiveCfg = Release|Any CPU
		{3DAC6423-3135-42B0-ACC3-2953CCF4A7FE}.Release|Any CPU.Build.0 = Release|Any CPU
	EndGlobalSection
	GlobalSection(SolutionProperties) = preSolution
		HideSolutionNode = FALSE
	EndGlobalSection
	GlobalSection(ExtensibilityGlobals) = postSolution
		SolutionGuid = {1165B4A5-B5A6-438D-9223-2C296E656BAA}
	EndGlobalSection
EndGlobal
